<?xml version="1.0" encoding="utf-8"?>
<Project ToolsVersion="4.0" xmlns="http://schemas.microsoft.com/developer/msbuild/2003">
  <ItemGroup>
    <Filter Include="res">
    </Filter>
    <Filter Include="src">
    </Filter>
  </ItemGroup>
  <ItemGroup>
    <None Include="game.config" />
    <None Include="icon.png" />
    <None Include="bar-descriptor.xml" />
    <None Include="res\box.dae">
      <Filter>res</Filter>
    </None>
    <None Include="res\box.gpb">
      <Filter>res</Filter>
    </None>
    <None Include="res\box.material">
      <Filter>res</Filter>
    </None>
    <None Include="res\colored.frag">
      <Filter>res</Filter>
    </None>
    <None Include="res\colored.vert">
      <Filter>res</Filter>
    </None>
  </ItemGroup>
  <ItemGroup>
    <ClInclude Include="src\AWOL.h">
      <Filter>src</Filter>
    </ClInclude>
    <ClInclude Include="src\Battle.h">
      <Filter>src</Filter>
    </ClInclude>
    <ClInclude Include="src\LayerTiler.h">
      <Filter>src</Filter>
    </ClInclude>
    <ClInclude Include="src\Log.h">
      <Filter>src</Filter>
    </ClInclude>
    <ClInclude Include="src\Render.h">
      <Filter>src</Filter>
    </ClInclude>
    <ClInclude Include="src\Unit.h">
      <Filter>src</Filter>
    </ClInclude>
  </ItemGroup>
  <ItemGroup>
    <ClCompile Include="src\AWOL.cpp">
      <Filter>src</Filter>
    </ClCompile>
    <ClCompile Include="src\Battle.cpp">
      <Filter>src</Filter>
    </ClCompile>
    <ClCompile Include="src\LayerTiler.cpp">
      <Filter>src</Filter>
    </ClCompile>
    <ClCompile Include="src\Render.cpp">
      <Filter>src</Filter>
    </ClCompile>
    <ClCompile Include="src\Unit.cpp">
      <Filter>src</Filter>
    </ClCompile>
  </ItemGroup>
</Project>